
Microsoft Visual Studio Solution File, Format Version 12.00
# Visual Studio Version 17
VisualStudioVersion = 17.0.31903.59
MinimumVisualStudioVersion = 10.0.40219.1
Project("{FAE04EC0-301F-11D3-BF4B-00C04F79EFBC}") = "PvvConfig.API", "PvvConfig.API\PvvConfig.API.csproj", "{517095C6-8482-4D12-A9EF-1CE8E543F534}"
EndProject
Project("{FAE04EC0-301F-11D3-BF4B-00C04F79EFBC}") = "PvvConfig.Application", "PvvConfig.Application\PvvConfig.Application.csproj", "{F788157F-E538-46BB-85C8-4AAD3E499328}"
EndProject
Project("{FAE04EC0-301F-11D3-BF4B-00C04F79EFBC}") = "PvvConfig.Domain", "PvvConfig.Domain\PvvConfig.Domain.csproj", "{B4E2A23C-6B09-4946-95AD-187A954E77B1}"
EndProject
Project("{FAE04EC0-301F-11D3-BF4B-00C04F79EFBC}") = "PvvConfig.Infrastructure", "PvvConfig.Infrastructure\PvvConfig.Infrastructure.csproj", "{482D332B-306F-46C6-9973-91290613D4CF}"
EndProject
Project("{FAE04EC0-301F-11D3-BF4B-00C04F79EFBC}") = "PvvConfig.Worker", "PvvConfig.Worker\PvvConfig.Worker.csproj", "{C4280E99-9964-4574-B1BC-F1D575B37DB9}"
EndProject
Project("{FAE04EC0-301F-11D3-BF4B-00C04F79EFBC}") = "PvvConfig.Tests", "PvvConfig.Tests\PvvConfig.Tests.csproj", "{10E42BD2-076E-48AC-8987-3573B2B02252}"
EndProject
Global
	GlobalSection(SolutionConfigurationPlatforms) = preSolution
		Debug|Any CPU = Debug|Any CPU
		Debug|x64 = Debug|x64
		Debug|x86 = Debug|x86
		Release|Any CPU = Release|Any CPU
		Release|x64 = Release|x64
		Release|x86 = Release|x86
	EndGlobalSection
	GlobalSection(ProjectConfigurationPlatforms) = postSolution
		{517095C6-8482-4D12-A9EF-1CE8E543F534}.Debug|Any CPU.ActiveCfg = Debug|Any CPU
		{517095C6-8482-4D12-A9EF-1CE8E543F534}.Debug|Any CPU.Build.0 = Debug|Any CPU
		{517095C6-8482-4D12-A9EF-1CE8E543F534}.Debug|x64.ActiveCfg = Debug|Any CPU
		{517095C6-8482-4D12-A9EF-1CE8E543F534}.Debug|x64.Build.0 = Debug|Any CPU
		{517095C6-8482-4D12-A9EF-1CE8E543F534}.Debug|x86.ActiveCfg = Debug|Any CPU
		{517095C6-8482-4D12-A9EF-1CE8E543F534}.Debug|x86.Build.0 = Debug|Any CPU
		{517095C6-8482-4D12-A9EF-1CE8E543F534}.Release|Any CPU.ActiveCfg = Release|Any CPU
		{517095C6-8482-4D12-A9EF-1CE8E543F534}.Release|Any CPU.Build.0 = Release|Any CPU
		{517095C6-8482-4D12-A9EF-1CE8E543F534}.Release|x64.ActiveCfg = Release|Any CPU
		{517095C6-8482-4D12-A9EF-1CE8E543F534}.Release|x64.Build.0 = Release|Any CPU
		{517095C6-8482-4D12-A9EF-1CE8E543F534}.Release|x86.ActiveCfg = Release|Any CPU
		{517095C6-8482-4D12-A9EF-1CE8E543F534}.Release|x86.Build.0 = Release|Any CPU
		{F788157F-E538-46BB-85C8-4AAD3E499328}.Debug|Any CPU.ActiveCfg = Debug|Any CPU
		{F788157F-E538-46BB-85C8-4AAD3E499328}.Debug|Any CPU.Build.0 = Debug|Any CPU
		{F788157F-E538-46BB-85C8-4AAD3E499328}.Debug|x64.ActiveCfg = Debug|Any CPU
		{F788157F-E538-46BB-85C8-4AAD3E499328}.Debug|x64.Build.0 = Debug|Any CPU
		{F788157F-E538-46BB-85C8-4AAD3E499328}.Debug|x86.ActiveCfg = Debug|Any CPU
		{F788157F-E538-46BB-85C8-4AAD3E499328}.Debug|x86.Build.0 = Debug|Any CPU
		{F788157F-E538-46BB-85C8-4AAD3E499328}.Release|Any CPU.ActiveCfg = Release|Any CPU
		{F788157F-E538-46BB-85C8-4AAD3E499328}.Release|Any CPU.Build.0 = Release|Any CPU
		{F788157F-E538-46BB-85C8-4AAD3E499328}.Release|x64.ActiveCfg = Release|Any CPU
		{F788157F-E538-46BB-85C8-4AAD3E499328}.Release|x64.Build.0 = Release|Any CPU
		{F788157F-E538-46BB-85C8-4AAD3E499328}.Release|x86.ActiveCfg = Release|Any CPU
		{F788157F-E538-46BB-85C8-4AAD3E499328}.Release|x86.Build.0 = Release|Any CPU
		{B4E2A23C-6B09-4946-95AD-187A954E77B1}.Debug|Any CPU.ActiveCfg = Debug|Any CPU
		{B4E2A23C-6B09-4946-95AD-187A954E77B1}.Debug|Any CPU.Build.0 = Debug|Any CPU
		{B4E2A23C-6B09-4946-95AD-187A954E77B1}.Debug|x64.ActiveCfg = Debug|Any CPU
		{B4E2A23C-6B09-4946-95AD-187A954E77B1}.Debug|x64.Build.0 = Debug|Any CPU
		{B4E2A23C-6B09-4946-95AD-187A954E77B1}.Debug|x86.ActiveCfg = Debug|Any CPU
		{B4E2A23C-6B09-4946-95AD-187A954E77B1}.Debug|x86.Build.0 = Debug|Any CPU
		{B4E2A23C-6B09-4946-95AD-187A954E77B1}.Release|Any CPU.ActiveCfg = Release|Any CPU
		{B4E2A23C-6B09-4946-95AD-187A954E77B1}.Release|Any CPU.Build.0 = Release|Any CPU
		{B4E2A23C-6B09-4946-95AD-187A954E77B1}.Release|x64.ActiveCfg = Release|Any CPU
		{B4E2A23C-6B09-4946-95AD-187A954E77B1}.Release|x64.Build.0 = Release|Any CPU
		{B4E2A23C-6B09-4946-95AD-187A954E77B1}.Release|x86.ActiveCfg = Release|Any CPU
		{B4E2A23C-6B09-4946-95AD-187A954E77B1}.Release|x86.Build.0 = Release|Any CPU
		{482D332B-306F-46C6-9973-91290613D4CF}.Debug|Any CPU.ActiveCfg = Debug|Any CPU
		{482D332B-306F-46C6-9973-91290613D4CF}.Debug|Any CPU.Build.0 = Debug|Any CPU
		{482D332B-306F-46C6-9973-91290613D4CF}.Debug|x64.ActiveCfg = Debug|Any CPU
		{482D332B-306F-46C6-9973-91290613D4CF}.Debug|x64.Build.0 = Debug|Any CPU
		{482D332B-306F-46C6-9973-91290613D4CF}.Debug|x86.ActiveCfg = Debug|Any CPU
		{482D332B-306F-46C6-9973-91290613D4CF}.Debug|x86.Build.0 = Debug|Any CPU
		{482D332B-306F-46C6-9973-91290613D4CF}.Release|Any CPU.ActiveCfg = Release|Any CPU
		{482D332B-306F-46C6-9973-91290613D4CF}.Release|Any CPU.Build.0 = Release|Any CPU
		{482D332B-306F-46C6-9973-91290613D4CF}.Release|x64.ActiveCfg = Release|Any CPU
		{482D332B-306F-46C6-9973-91290613D4CF}.Release|x64.Build.0 = Release|Any CPU
		{482D332B-306F-46C6-9973-91290613D4CF}.Release|x86.ActiveCfg = Release|Any CPU
		{482D332B-306F-46C6-9973-91290613D4CF}.Release|x86.Build.0 = Release|Any CPU
		{C4280E99-9964-4574-B1BC-F1D575B37DB9}.Debug|Any CPU.ActiveCfg = Debug|Any CPU
		{C4280E99-9964-4574-B1BC-F1D575B37DB9}.Debug|Any CPU.Build.0 = Debug|Any CPU
		{C4280E99-9964-4574-B1BC-F1D575B37DB9}.Debug|x64.ActiveCfg = Debug|Any CPU
		{C4280E99-9964-4574-B1BC-F1D575B37DB9}.Debug|x64.Build.0 = Debug|Any CPU
		{C4280E99-9964-4574-B1BC-F1D575B37DB9}.Debug|x86.ActiveCfg = Debug|Any CPU
		{C4280E99-9964-4574-B1BC-F1D575B37DB9}.Debug|x86.Build.0 = Debug|Any CPU
		{C4280E99-9964-4574-B1BC-F1D575B37DB9}.Release|Any CPU.ActiveCfg = Release|Any CPU
		{C4280E99-9964-4574-B1BC-F1D575B37DB9}.Release|Any CPU.Build.0 = Release|Any CPU
		{C4280E99-9964-4574-B1BC-F1D575B37DB9}.Release|x64.ActiveCfg = Release|Any CPU
		{C4280E99-9964-4574-B1BC-F1D575B37DB9}.Release|x64.Build.0 = Release|Any CPU
		{C4280E99-9964-4574-B1BC-F1D575B37DB9}.Release|x86.ActiveCfg = Release|Any CPU
		{C4280E99-9964-4574-B1BC-F1D575B37DB9}.Release|x86.Build.0 = Release|Any CPU
		{10E42BD2-076E-48AC-8987-3573B2B02252}.Debug|Any CPU.ActiveCfg = Debug|Any CPU
		{10E42BD2-076E-48AC-8987-3573B2B02252}.Debug|Any CPU.Build.0 = Debug|Any CPU
		{10E42BD2-076E-48AC-8987-3573B2B02252}.Debug|x64.ActiveCfg = Debug|Any CPU
		{10E42BD2-076E-48AC-8987-3573B2B02252}.Debug|x64.Build.0 = Debug|Any CPU
		{10E42BD2-076E-48AC-8987-3573B2B02252}.Debug|x86.ActiveCfg = Debug|Any CPU
		{10E42BD2-076E-48AC-8987-3573B2B02252}.Debug|x86.Build.0 = Debug|Any CPU
		{10E42BD2-076E-48AC-8987-3573B2B02252}.Release|Any CPU.ActiveCfg = Release|Any CPU
		{10E42BD2-076E-48AC-8987-3573B2B02252}.Release|Any CPU.Build.0 = Release|Any CPU
		{10E42BD2-076E-48AC-8987-3573B2B02252}.Release|x64.ActiveCfg = Release|Any CPU
		{10E42BD2-076E-48AC-8987-3573B2B02252}.Release|x64.Build.0 = Release|Any CPU
		{10E42BD2-076E-48AC-8987-3573B2B02252}.Release|x86.ActiveCfg = Release|Any CPU
		{10E42BD2-076E-48AC-8987-3573B2B02252}.Release|x86.Build.0 = Release|Any CPU
	EndGlobalSection
	GlobalSection(SolutionProperties) = preSolution
		HideSolutionNode = FALSE
	EndGlobalSection
EndGlobal
