
Microsoft Visual Studio Solution File, Format Version 12.00
# Visual Studio Version 17
VisualStudioVersion = 17.0.31903.59
MinimumVisualStudioVersion = 10.0.40219.1
Project("{FAE04EC0-301F-11D3-BF4B-00C04F79EFBC}") = "PvvBff.API", "PvvBff.API\PvvBff.API.csproj", "{96146D31-F562-4D43-9698-4E88569A78C7}"
EndProject
Project("{FAE04EC0-301F-11D3-BF4B-00C04F79EFBC}") = "PvvBff.Application", "PvvBff.Application\PvvBff.Application.csproj", "{8F4CA859-2D9B-4F88-ADE5-2B0C3499A9B8}"
EndProject
Project("{FAE04EC0-301F-11D3-BF4B-00C04F79EFBC}") = "PvvBff.Domain", "PvvBff.Domain\PvvBff.Domain.csproj", "{28A23129-4F0E-4498-93F0-256FA5407C37}"
EndProject
Project("{FAE04EC0-301F-11D3-BF4B-00C04F79EFBC}") = "PvvBff.Infrastructure", "PvvBff.Infrastructure\PvvBff.Infrastructure.csproj", "{1BD3605A-DD26-4EA3-9BB3-86F037233FF7}"
EndProject
Project("{FAE04EC0-301F-11D3-BF4B-00C04F79EFBC}") = "PvvBff.Tests", "PvvBff.Tests\PvvBff.Tests.csproj", "{96AA28B8-2248-41E7-9EC7-B98F0407538C}"
EndProject
Global
	GlobalSection(SolutionConfigurationPlatforms) = preSolution
		Debug|Any CPU = Debug|Any CPU
		Debug|x64 = Debug|x64
		Debug|x86 = Debug|x86
		Release|Any CPU = Release|Any CPU
		Release|x64 = Release|x64
		Release|x86 = Release|x86
	EndGlobalSection
	GlobalSection(ProjectConfigurationPlatforms) = postSolution
		{96146D31-F562-4D43-9698-4E88569A78C7}.Debug|Any CPU.ActiveCfg = Debug|Any CPU
		{96146D31-F562-4D43-9698-4E88569A78C7}.Debug|Any CPU.Build.0 = Debug|Any CPU
		{96146D31-F562-4D43-9698-4E88569A78C7}.Debug|x64.ActiveCfg = Debug|Any CPU
		{96146D31-F562-4D43-9698-4E88569A78C7}.Debug|x64.Build.0 = Debug|Any CPU
		{96146D31-F562-4D43-9698-4E88569A78C7}.Debug|x86.ActiveCfg = Debug|Any CPU
		{96146D31-F562-4D43-9698-4E88569A78C7}.Debug|x86.Build.0 = Debug|Any CPU
		{96146D31-F562-4D43-9698-4E88569A78C7}.Release|Any CPU.ActiveCfg = Release|Any CPU
		{96146D31-F562-4D43-9698-4E88569A78C7}.Release|Any CPU.Build.0 = Release|Any CPU
		{96146D31-F562-4D43-9698-4E88569A78C7}.Release|x64.ActiveCfg = Release|Any CPU
		{96146D31-F562-4D43-9698-4E88569A78C7}.Release|x64.Build.0 = Release|Any CPU
		{96146D31-F562-4D43-9698-4E88569A78C7}.Release|x86.ActiveCfg = Release|Any CPU
		{96146D31-F562-4D43-9698-4E88569A78C7}.Release|x86.Build.0 = Release|Any CPU
		{8F4CA859-2D9B-4F88-ADE5-2B0C3499A9B8}.Debug|Any CPU.ActiveCfg = Debug|Any CPU
		{8F4CA859-2D9B-4F88-ADE5-2B0C3499A9B8}.Debug|Any CPU.Build.0 = Debug|Any CPU
		{8F4CA859-2D9B-4F88-ADE5-2B0C3499A9B8}.Debug|x64.ActiveCfg = Debug|Any CPU
		{8F4CA859-2D9B-4F88-ADE5-2B0C3499A9B8}.Debug|x64.Build.0 = Debug|Any CPU
		{8F4CA859-2D9B-4F88-ADE5-2B0C3499A9B8}.Debug|x86.ActiveCfg = Debug|Any CPU
		{8F4CA859-2D9B-4F88-ADE5-2B0C3499A9B8}.Debug|x86.Build.0 = Debug|Any CPU
		{8F4CA859-2D9B-4F88-ADE5-2B0C3499A9B8}.Release|Any CPU.ActiveCfg = Release|Any CPU
		{8F4CA859-2D9B-4F88-ADE5-2B0C3499A9B8}.Release|Any CPU.Build.0 = Release|Any CPU
		{8F4CA859-2D9B-4F88-ADE5-2B0C3499A9B8}.Release|x64.ActiveCfg = Release|Any CPU
		{8F4CA859-2D9B-4F88-ADE5-2B0C3499A9B8}.Release|x64.Build.0 = Release|Any CPU
		{8F4CA859-2D9B-4F88-ADE5-2B0C3499A9B8}.Release|x86.ActiveCfg = Release|Any CPU
		{8F4CA859-2D9B-4F88-ADE5-2B0C3499A9B8}.Release|x86.Build.0 = Release|Any CPU
		{28A23129-4F0E-4498-93F0-256FA5407C37}.Debug|Any CPU.ActiveCfg = Debug|Any CPU
		{28A23129-4F0E-4498-93F0-256FA5407C37}.Debug|Any CPU.Build.0 = Debug|Any CPU
		{28A23129-4F0E-4498-93F0-256FA5407C37}.Debug|x64.ActiveCfg = Debug|Any CPU
		{28A23129-4F0E-4498-93F0-256FA5407C37}.Debug|x64.Build.0 = Debug|Any CPU
		{28A23129-4F0E-4498-93F0-256FA5407C37}.Debug|x86.ActiveCfg = Debug|Any CPU
		{28A23129-4F0E-4498-93F0-256FA5407C37}.Debug|x86.Build.0 = Debug|Any CPU
		{28A23129-4F0E-4498-93F0-256FA5407C37}.Release|Any CPU.ActiveCfg = Release|Any CPU
		{28A23129-4F0E-4498-93F0-256FA5407C37}.Release|Any CPU.Build.0 = Release|Any CPU
		{28A23129-4F0E-4498-93F0-256FA5407C37}.Release|x64.ActiveCfg = Release|Any CPU
		{28A23129-4F0E-4498-93F0-256FA5407C37}.Release|x64.Build.0 = Release|Any CPU
		{28A23129-4F0E-4498-93F0-256FA5407C37}.Release|x86.ActiveCfg = Release|Any CPU
		{28A23129-4F0E-4498-93F0-256FA5407C37}.Release|x86.Build.0 = Release|Any CPU
		{1BD3605A-DD26-4EA3-9BB3-86F037233FF7}.Debug|Any CPU.ActiveCfg = Debug|Any CPU
		{1BD3605A-DD26-4EA3-9BB3-86F037233FF7}.Debug|Any CPU.Build.0 = Debug|Any CPU
		{1BD3605A-DD26-4EA3-9BB3-86F037233FF7}.Debug|x64.ActiveCfg = Debug|Any CPU
		{1BD3605A-DD26-4EA3-9BB3-86F037233FF7}.Debug|x64.Build.0 = Debug|Any CPU
		{1BD3605A-DD26-4EA3-9BB3-86F037233FF7}.Debug|x86.ActiveCfg = Debug|Any CPU
		{1BD3605A-DD26-4EA3-9BB3-86F037233FF7}.Debug|x86.Build.0 = Debug|Any CPU
		{1BD3605A-DD26-4EA3-9BB3-86F037233FF7}.Release|Any CPU.ActiveCfg = Release|Any CPU
		{1BD3605A-DD26-4EA3-9BB3-86F037233FF7}.Release|Any CPU.Build.0 = Release|Any CPU
		{1BD3605A-DD26-4EA3-9BB3-86F037233FF7}.Release|x64.ActiveCfg = Release|Any CPU
		{1BD3605A-DD26-4EA3-9BB3-86F037233FF7}.Release|x64.Build.0 = Release|Any CPU
		{1BD3605A-DD26-4EA3-9BB3-86F037233FF7}.Release|x86.ActiveCfg = Release|Any CPU
		{1BD3605A-DD26-4EA3-9BB3-86F037233FF7}.Release|x86.Build.0 = Release|Any CPU
		{96AA28B8-2248-41E7-9EC7-B98F0407538C}.Debug|Any CPU.ActiveCfg = Debug|Any CPU
		{96AA28B8-2248-41E7-9EC7-B98F0407538C}.Debug|Any CPU.Build.0 = Debug|Any CPU
		{96AA28B8-2248-41E7-9EC7-B98F0407538C}.Debug|x64.ActiveCfg = Debug|Any CPU
		{96AA28B8-2248-41E7-9EC7-B98F0407538C}.Debug|x64.Build.0 = Debug|Any CPU
		{96AA28B8-2248-41E7-9EC7-B98F0407538C}.Debug|x86.ActiveCfg = Debug|Any CPU
		{96AA28B8-2248-41E7-9EC7-B98F0407538C}.Debug|x86.Build.0 = Debug|Any CPU
		{96AA28B8-2248-41E7-9EC7-B98F0407538C}.Release|Any CPU.ActiveCfg = Release|Any CPU
		{96AA28B8-2248-41E7-9EC7-B98F0407538C}.Release|Any CPU.Build.0 = Release|Any CPU
		{96AA28B8-2248-41E7-9EC7-B98F0407538C}.Release|x64.ActiveCfg = Release|Any CPU
		{96AA28B8-2248-41E7-9EC7-B98F0407538C}.Release|x64.Build.0 = Release|Any CPU
		{96AA28B8-2248-41E7-9EC7-B98F0407538C}.Release|x86.ActiveCfg = Release|Any CPU
		{96AA28B8-2248-41E7-9EC7-B98F0407538C}.Release|x86.Build.0 = Release|Any CPU
	EndGlobalSection
	GlobalSection(SolutionProperties) = preSolution
		HideSolutionNode = FALSE
	EndGlobalSection
EndGlobal
